Microsoft Visual Studio Solution File, Format Version 12.00
# Visual Studio 2012
Project("{8BC9CEB8-8B4A-11D0-8D11-00A0C91BC942}") = "RibbonReport", "RibbonReport.vcxproj", "{79579952-1289-2294-3286-887496274931}"
EndProject
Global
	GlobalSection(SolutionConfigurationPlatforms) = preSolution
		Debug 110|Win32 = Debug 110|Win32
		Debug 110|x64 = Debug 110|x64
		Debug|Win32 = Debug|Win32
		Debug|x64 = Debug|x64
		Release 110|Win32 = Release 110|Win32
		Release 110|x64 = Release 110|x64
		Release|Win32 = Release|Win32
		Release|x64 = Release|x64
		Unicode Debug 110|Win32 = Unicode Debug 110|Win32
		Unicode Debug 110|x64 = Unicode Debug 110|x64
		Unicode Debug|Win32 = Unicode Debug|Win32
		Unicode Debug|x64 = Unicode Debug|x64
		Unicode Release 110|Win32 = Unicode Release 110|Win32
		Unicode Release 110|x64 = Unicode Release 110|x64
		Unicode Release|Win32 = Unicode Release|Win32
		Unicode Release|x64 = Unicode Release|x64
	EndGlobalSection
	GlobalSection(ProjectConfigurationPlatforms) = postSolution
		{79579952-1289-2294-3286-887496274931}.Debug 110|Win32.ActiveCfg = Debug 110|Win32
		{79579952-1289-2294-3286-887496274931}.Debug 110|Win32.Build.0 = Debug 110|Win32
		{79579952-1289-2294-3286-887496274931}.Debug 110|x64.ActiveCfg = Debug 110|x64
		{79579952-1289-2294-3286-887496274931}.Debug 110|x64.Build.0 = Debug 110|x64
		{79579952-1289-2294-3286-887496274931}.Debug|Win32.ActiveCfg = Debug|Win32
		{79579952-1289-2294-3286-887496274931}.Debug|Win32.Build.0 = Debug|Win32
		{79579952-1289-2294-3286-887496274931}.Debug|x64.ActiveCfg = Debug|x64
		{79579952-1289-2294-3286-887496274931}.Debug|x64.Build.0 = Debug|x64
		{79579952-1289-2294-3286-887496274931}.Release 110|Win32.ActiveCfg = Release 110|Win32
		{79579952-1289-2294-3286-887496274931}.Release 110|Win32.Build.0 = Release 110|Win32
		{79579952-1289-2294-3286-887496274931}.Release 110|x64.ActiveCfg = Release 110|x64
		{79579952-1289-2294-3286-887496274931}.Release 110|x64.Build.0 = Release 110|x64
		{79579952-1289-2294-3286-887496274931}.Release|Win32.ActiveCfg = Release|Win32
		{79579952-1289-2294-3286-887496274931}.Release|Win32.Build.0 = Release|Win32
		{79579952-1289-2294-3286-887496274931}.Release|x64.ActiveCfg = Release|x64
		{79579952-1289-2294-3286-887496274931}.Release|x64.Build.0 = Release|x64
		{79579952-1289-2294-3286-887496274931}.Unicode Debug 110|Win32.ActiveCfg = Unicode Debug 110|Win32
		{79579952-1289-2294-3286-887496274931}.Unicode Debug 110|Win32.Build.0 = Unicode Debug 110|Win32
		{79579952-1289-2294-3286-887496274931}.Unicode Debug 110|x64.ActiveCfg = Unicode Debug 110|x64
		{79579952-1289-2294-3286-887496274931}.Unicode Debug 110|x64.Build.0 = Unicode Debug 110|x64
		{79579952-1289-2294-3286-887496274931}.Unicode Debug|Win32.ActiveCfg = Unicode Debug|Win32
		{79579952-1289-2294-3286-887496274931}.Unicode Debug|Win32.Build.0 = Unicode Debug|Win32
		{79579952-1289-2294-3286-887496274931}.Unicode Debug|x64.ActiveCfg = Unicode Debug|x64
		{79579952-1289-2294-3286-887496274931}.Unicode Debug|x64.Build.0 = Unicode Debug|x64
		{79579952-1289-2294-3286-887496274931}.Unicode Release 110|Win32.ActiveCfg = Unicode Release 110|Win32
		{79579952-1289-2294-3286-887496274931}.Unicode Release 110|Win32.Build.0 = Unicode Release 110|Win32
		{79579952-1289-2294-3286-887496274931}.Unicode Release 110|x64.ActiveCfg = Unicode Release 110|x64
		{79579952-1289-2294-3286-887496274931}.Unicode Release 110|x64.Build.0 = Unicode Release 110|x64
		{79579952-1289-2294-3286-887496274931}.Unicode Release|Win32.ActiveCfg = Unicode Release|Win32
		{79579952-1289-2294-3286-887496274931}.Unicode Release|Win32.Build.0 = Unicode Release|Win32
		{79579952-1289-2294-3286-887496274931}.Unicode Release|x64.ActiveCfg = Unicode Release|x64
		{79579952-1289-2294-3286-887496274931}.Unicode Release|x64.Build.0 = Unicode Release|x64
	EndGlobalSection
	GlobalSection(SolutionProperties) = preSolution
		HideSolutionNode = FALSE
	EndGlobalSection
EndGlobal
